// !$*UTF8*$!
{
	archiveVersion = 1;
	classes = {
	};
	objectVersion = 63;
	objects = {

/* Begin PBXBuildFile section */
		0A7720A241B58ECF44048DC9 /* VNCConnection.swift in Sources */ = {isa = PBXBuildFile; fileRef = 332610EB3924E447C769EA9A /* VNCConnection.swift */; };
		5A8A896A74829EFFE172ECAE /* ContentView.swift in Sources */ = {isa = PBXBuildFile; fileRef = 3BEFE09925C3E8B8C8702966 /* ContentView.swift */; };
		9338B8D11E6937A1EAB2C3CA /* MacViewApp.swift in Sources */ = {isa = PBXBuildFile; fileRef = F6EF8C58EC2FF42A3504870C /* MacViewApp.swift */; };
		D25B6BD601875B832DA5B68D /* VNCViewModel.swift in Sources */ = {isa = PBXBuildFile; fileRef = 5F4270BEC2580C9E1735A9F6 /* VNCViewModel.swift */; };
		D291A978418E29CF0D96CDCF /* RemoteScreenView.swift in Sources */ = {isa = PBXBuildFile; fileRef = D3D606FB496C6E2E8F13F20D /* RemoteScreenView.swift */; };
/* End PBXBuildFile section */

/* Begin PBXFileReference section */
		332610EB3924E447C769EA9A /* VNCConnection.swift */ = {isa = PBXFileReference; lastKnownFileType = sourcecode.swift; path = VNCConnection.swift; sourceTree = "<group>"; };
		3BEFE09925C3E8B8C8702966 /* ContentView.swift */ = {isa = PBXFileReference; lastKnownFileType = sourcecode.swift; path = ContentView.swift; sourceTree = "<group>"; };
		5F4270BEC2580C9E1735A9F6 /* VNCViewModel.swift */ = {isa = PBXFileReference; lastKnownFileType = sourcecode.swift; path = VNCViewModel.swift; sourceTree = "<group>"; };
		813584F2A7B5F0888A18FFE0 /* Info.plist */ = {isa = PBXFileReference; lastKnownFileType = text.plist; path = Info.plist; sourceTree = "<group>"; };
		D3D606FB496C6E2E8F13F20D /* RemoteScreenView.swift */ = {isa = PBXFileReference; lastKnownFileType = sourcecode.swift; path = RemoteScreenView.swift; sourceTree = "<group>"; };
		F6EF8C58EC2FF42A3504870C /* MacViewApp.swift */ = {isa = PBXFileReference; lastKnownFileType = sourcecode.swift; path = MacViewApp.swift; sourceTree = "<group>"; };
		FE628C16127366568A5B88A9 /* ios-client.app */ = {isa = PBXFileReference; explicitFileType = wrapper.application; includeInIndex = 0; path = "ios-client.app"; sourceTree = BUILT_PRODUCTS_DIR; };
/* End PBXFileReference section */

/* Begin PBXGroup section */
		18BEFFA21A268DA26FDB57BD /* ViewModels */ = {
			isa = PBXGroup;
			children = (
				5F4270BEC2580C9E1735A9F6 /* VNCViewModel.swift */,
			);
			path = ViewModels;
			sourceTree = "<group>";
		};
		3D8988AF41C13DA60AA65F2D /* Network */ = {
			isa = PBXGroup;
			children = (
				332610EB3924E447C769EA9A /* VNCConnection.swift */,
			);
			path = Network;
			sourceTree = "<group>";
		};
		5E3FEC3701FFDCC4E5F01FF7 /* Products */ = {
			isa = PBXGroup;
			children = (
				FE628C16127366568A5B88A9 /* ios-client.app */,
			);
			name = Products;
			sourceTree = "<group>";
		};
		7294CB102FD3B10B613924EB /* App */ = {
			isa = PBXGroup;
			children = (
				F6EF8C58EC2FF42A3504870C /* MacViewApp.swift */,
			);
			path = App;
			sourceTree = "<group>";
		};
		A25923C1098DEB18B8D6AF14 /* Views */ = {
			isa = PBXGroup;
			children = (
				3BEFE09925C3E8B8C8702966 /* ContentView.swift */,
				D3D606FB496C6E2E8F13F20D /* RemoteScreenView.swift */,
			);
			path = Views;
			sourceTree = "<group>";
		};
		B7EE1DA53AA9D25DB51B00BB /* Sources */ = {
			isa = PBXGroup;
			children = (
				813584F2A7B5F0888A18FFE0 /* Info.plist */,
				7294CB102FD3B10B613924EB /* App */,
				3D8988AF41C13DA60AA65F2D /* Network */,
				18BEFFA21A268DA26FDB57BD /* ViewModels */,
				A25923C1098DEB18B8D6AF14 /* Views */,
			);
			path = Sources;
			sourceTree = "<group>";
		};
		F3686C1CCB4D010AB5DF8140 = {
			isa = PBXGroup;
			children = (
				B7EE1DA53AA9D25DB51B00BB /* Sources */,
				5E3FEC3701FFDCC4E5F01FF7 /* Products */,
			);
			sourceTree = "<group>";
		};
/* End PBXGroup section */

/* Begin PBXNativeTarget section */
		77B8C8F6A4BC69AF01159462 /* ios-client */ = {
			isa = PBXNativeTarget;
			buildConfigurationList = 2D8B7A5C96DA8371140912C3 /* Build configuration list for PBXNativeTarget "ios-client" */;
			buildPhases = (
				177248A71C3692D23CB96BA0 /* Sources */,
			);
			buildRules = (
			);
			dependencies = (
			);
			name = "ios-client";
			packageProductDependencies = (
			);
			productName = "ios-client";
			productReference = FE628C16127366568A5B88A9 /* ios-client.app */;
			productType = "com.apple.product-type.application";
		};
/* End PBXNativeTarget section */

/* Begin PBXProject section */
		4B19C97D00559F31D6E50F99 /* Project object */ = {
			isa = PBXProject;
			attributes = {
				BuildIndependentTargetsInParallel = YES;
				LastUpgradeCheck = 1500;
				TargetAttributes = {
					77B8C8F6A4BC69AF01159462 = {
						ProvisioningStyle = Automatic;
					};
				};
			};
			buildConfigurationList = D82A0EE9191168F7C42F6ECA /* Build configuration list for PBXProject "ios-client" */;
			compatibilityVersion = "Xcode 14.0";
			developmentRegion = en;
			hasScannedForEncodings = 0;
			knownRegions = (
				Base,
				en,
			);
			mainGroup = F3686C1CCB4D010AB5DF8140;
			minimizedProjectReferenceProxies = 1;
			projectDirPath = "";
			projectRoot = "";
			targets = (
				77B8C8F6A4BC69AF01159462 /* ios-client */,
			);
		};
/* End PBXProject section */

/* Begin PBXSourcesBuildPhase section */
		177248A71C3692D23CB96BA0 /* Sources */ = {
			isa = PBXSourcesBuildPhase;
			buildActionMask = 2147483647;
			files = (
				5A8A896A74829EFFE172ECAE /* ContentView.swift in Sources */,
				9338B8D11E6937A1EAB2C3CA /* MacViewApp.swift in Sources */,
				D291A978418E29CF0D96CDCF /* RemoteScreenView.swift in Sources */,
				0A7720A241B58ECF44048DC9 /* VNCConnection.swift in Sources */,
				D25B6BD601875B832DA5B68D /* VNCViewModel.swift in Sources */,
			);
			runOnlyForDeploymentPostprocessing = 0;
		};
/* End PBXSourcesBuildPhase section */

/* Begin XCBuildConfiguration section */
		02D92E083EB09E07CEAC0E16 /* Release */ = {
			isa = XCBuildConfiguration;
			buildSettings = {
				ALWAYS_SEARCH_USER_PATHS = NO;
				CLANG_ANALYZER_NONNULL = YES;
				CLANG_ANALYZER_NUMBER_OBJECT_CONVERSION = YES_AGGRESSIVE;
				CLANG_CXX_LANGUAGE_STANDARD = "gnu++14";
				CLANG_CXX_LIBRARY = "libc++";
				CLANG_ENABLE_MODULES = YES;
				CLANG_ENABLE_OBJC_ARC = YES;
				CLANG_ENABLE_OBJC_WEAK = YES;
				CLANG_WARN_BLOCK_CAPTURE_AUTORELEASING = YES;
				CLANG_WARN_BOOL_CONVERSION = YES;
				CLANG_WARN_COMMA = YES;
				CLANG_WARN_CONSTANT_CONVERSION = YES;
				CLANG_WARN_DEPRECATED_OBJC_IMPLEMENTATIONS = YES;
				CLANG_WARN_DIRECT_OBJC_ISA_USAGE = YES_ERROR;
				CLANG_WARN_DOCUMENTATION_COMMENTS = YES;
				CLANG_WARN_EMPTY_BODY = YES;
				CLANG_WARN_ENUM_CONVERSION = YES;
				CLANG_WARN_INFINITE_RECURSION = YES;
				CLANG_WARN_INT_CONVERSION = YES;
				CLANG_WARN_NON_LITERAL_NULL_CONVERSION = YES;
				CLANG_WARN_OBJC_IMPLICIT_RETAIN_SELF = YES;
				CLANG_WARN_OBJC_LITERAL_CONVERSION = YES;
				CLANG_WARN_OBJC_ROOT_CLASS = YES_ERROR;
				CLANG_WARN_QUOTED_INCLUDE_IN_FRAMEWORK_HEADER = YES;
				CLANG_WARN_RANGE_LOOP_ANALYSIS = YES;
				CLANG_WARN_STRICT_PROTOTYPES = YES;
				CLANG_WARN_SUSPICIOUS_MOVE = YES;
				CLANG_WARN_UNGUARDED_AVAILABILITY = YES_AGGRESSIVE;
				CLANG_WARN_UNREACHABLE_CODE = YES;
				CLANG_WARN__DUPLICATE_METHOD_MATCH = YES;
				CODE_SIGN_STYLE = Automatic;
				COPY_PHASE_STRIP = NO;
				CURRENT_PROJECT_VERSION = 1;
				DEBUG_INFORMATION_FORMAT = "dwarf-with-dsym";
				ENABLE_NS_ASSERTIONS = NO;
				ENABLE_STRICT_OBJC_MSGSEND = YES;
				GCC_C_LANGUAGE_STANDARD = gnu11;
				GCC_NO_COMMON_BLOCKS = YES;
				GCC_WARN_64_TO_32_BIT_CONVERSION = YES;
				GCC_WARN_ABOUT_RETURN_TYPE = YES_ERROR;
				GCC_WARN_UNDECLARED_SELECTOR = YES;
				GCC_WARN_UNINITIALIZED_AUTOS = YES_AGGRESSIVE;
				GCC_WARN_UNUSED_FUNCTION = YES;
				GCC_WARN_UNUSED_VARIABLE = YES;
				IPHONEOS_DEPLOYMENT_TARGET = 16.0;
				MARKETING_VERSION = 1.0.0;
				MTL_ENABLE_DEBUG_INFO = NO;
				MTL_FAST_MATH = YES;
				PRODUCT_NAME = "ios-client";
				SDKROOT = iphoneos;
				SWIFT_COMPILATION_MODE = wholemodule;
				SWIFT_OPTIMIZATION_LEVEL = "-O";
				SWIFT_VERSION = 5.9;
			};
			name = Release;
		};
		396D1D9D911FDF31925AC807 /* Release */ = {
			isa = XCBuildConfiguration;
			buildSettings = {
				ASSETCATALOG_COMPILER_APPICON_NAME = AppIcon;
				CODE_SIGN_IDENTITY = "iPhone Developer";
				DEVELOPMENT_TEAM = RWYZDJQ369;
				INFOPLIST_FILE = Sources/Info.plist;
				LD_RUNPATH_SEARCH_PATHS = "@executable_path/../Frameworks";
				PRODUCT_BUNDLE_IDENTIFIER = com.macview.client;
				SDKROOT = iphoneos;
				SUPPORTS_XR_DESIGNED_FOR_IPHONE_IPAD = NO;
				TARGETED_DEVICE_FAMILY = "1,2";
			};
			name = Release;
		};
		60C61EC428103B10AD151FC6 /* Debug */ = {
			isa = XCBuildConfiguration;
			buildSettings = {
				ALWAYS_SEARCH_USER_PATHS = NO;
				CLANG_ANALYZER_NONNULL = YES;
				CLANG_ANALYZER_NUMBER_OBJECT_CONVERSION = YES_AGGRESSIVE;
				CLANG_CXX_LANGUAGE_STANDARD = "gnu++14";
				CLANG_CXX_LIBRARY = "libc++";
				CLANG_ENABLE_MODULES = YES;
				CLANG_ENABLE_OBJC_ARC = YES;
				CLANG_ENABLE_OBJC_WEAK = YES;
				CLANG_WARN_BLOCK_CAPTURE_AUTORELEASING = YES;
				CLANG_WARN_BOOL_CONVERSION = YES;
				CLANG_WARN_COMMA = YES;
				CLANG_WARN_CONSTANT_CONVERSION = YES;
				CLANG_WARN_DEPRECATED_OBJC_IMPLEMENTATIONS = YES;
				CLANG_WARN_DIRECT_OBJC_ISA_USAGE = YES_ERROR;
				CLANG_WARN_DOCUMENTATION_COMMENTS = YES;
				CLANG_WARN_EMPTY_BODY = YES;
				CLANG_WARN_ENUM_CONVERSION = YES;
				CLANG_WARN_INFINITE_RECURSION = YES;
				CLANG_WARN_INT_CONVERSION = YES;
				CLANG_WARN_NON_LITERAL_NULL_CONVERSION = YES;
				CLANG_WARN_OBJC_IMPLICIT_RETAIN_SELF = YES;
				CLANG_WARN_OBJC_LITERAL_CONVERSION = YES;
				CLANG_WARN_OBJC_ROOT_CLASS = YES_ERROR;
				CLANG_WARN_QUOTED_INCLUDE_IN_FRAMEWORK_HEADER = YES;
				CLANG_WARN_RANGE_LOOP_ANALYSIS = YES;
				CLANG_WARN_STRICT_PROTOTYPES = YES;
				CLANG_WARN_SUSPICIOUS_MOVE = YES;
				CLANG_WARN_UNGUARDED_AVAILABILITY = YES_AGGRESSIVE;
				CLANG_WARN_UNREACHABLE_CODE = YES;
				CLANG_WARN__DUPLICATE_METHOD_MATCH = YES;
				CODE_SIGN_STYLE = Automatic;
				COPY_PHASE_STRIP = NO;
				CURRENT_PROJECT_VERSION = 1;
				DEBUG_INFORMATION_FORMAT = dwarf;
				ENABLE_STRICT_OBJC_MSGSEND = YES;
				ENABLE_TESTABILITY = YES;
				GCC_C_LANGUAGE_STANDARD = gnu11;
				GCC_DYNAMIC_NO_PIC = NO;
				GCC_NO_COMMON_BLOCKS = YES;
				GCC_OPTIMIZATION_LEVEL = 0;
				GCC_PREPROCESSOR_DEFINITIONS = (
					"$(inherited)",
					"DEBUG=1",
				);
				GCC_WARN_64_TO_32_BIT_CONVERSION = YES;
				GCC_WARN_ABOUT_RETURN_TYPE = YES_ERROR;
				GCC_WARN_UNDECLARED_SELECTOR = YES;
				GCC_WARN_UNINITIALIZED_AUTOS = YES_AGGRESSIVE;
				GCC_WARN_UNUSED_FUNCTION = YES;
				GCC_WARN_UNUSED_VARIABLE = YES;
				IPHONEOS_DEPLOYMENT_TARGET = 16.0;
				MARKETING_VERSION = 1.0.0;
				MTL_ENABLE_DEBUG_INFO = INCLUDE_SOURCE;
				MTL_FAST_MATH = YES;
				ONLY_ACTIVE_ARCH = YES;
				PRODUCT_NAME = "ios-client";
				SDKROOT = iphoneos;
				SWIFT_ACTIVE_COMPILATION_CONDITIONS = DEBUG;
				SWIFT_OPTIMIZATION_LEVEL = "-Onone";
				SWIFT_VERSION = 5.9;
			};
			name = Debug;
		};
		8D6BD22E855DA07B51B2A9DB /* Debug */ = {
			isa = XCBuildConfiguration;
			buildSettings = {
				ASSETCATALOG_COMPILER_APPICON_NAME = AppIcon;
				CODE_SIGN_IDENTITY = "iPhone Developer";
				DEVELOPMENT_TEAM = RWYZDJQ369;
				INFOPLIST_FILE = Sources/Info.plist;
				LD_RUNPATH_SEARCH_PATHS = "@executable_path/../Frameworks";
				PRODUCT_BUNDLE_IDENTIFIER = com.macview.client;
				SDKROOT = iphoneos;
				SUPPORTS_XR_DESIGNED_FOR_IPHONE_IPAD = NO;
				TARGETED_DEVICE_FAMILY = "1,2";
			};
			name = Debug;
		};
/* End XCBuildConfiguration section */

/* Begin XCConfigurationList section */
		2D8B7A5C96DA8371140912C3 /* Build configuration list for PBXNativeTarget "ios-client" */ = {
			isa = XCConfigurationList;
			buildConfigurations = (
				8D6BD22E855DA07B51B2A9DB /* Debug */,
				396D1D9D911FDF31925AC807 /* Release */,
			);
			defaultConfigurationIsVisible = 0;
			defaultConfigurationName = Debug;
		};
		D82A0EE9191168F7C42F6ECA /* Build configuration list for PBXProject "ios-client" */ = {
			isa = XCConfigurationList;
			buildConfigurations = (
				60C61EC428103B10AD151FC6 /* Debug */,
				02D92E083EB09E07CEAC0E16 /* Release */,
			);
			defaultConfigurationIsVisible = 0;
			defaultConfigurationName = Debug;
		};
/* End XCConfigurationList section */
	};
	rootObject = 4B19C97D00559F31D6E50F99 /* Project object */;
}
